
Microsoft Visual Studio Solution File, Format Version 12.00
# Visual Studio Version 17
VisualStudioVersion = 17.2.32616.157
MinimumVisualStudioVersion = 10.0.40219.1
Project("{888888A0-9F3D-457C-B088-3A5042F75D52}") = "ExtractSREO", "ExtractSREO\ExtractSREO.pyproj", "{5314AA81-57D7-415E-A77B-AA6ECB834C67}"
EndProject
Global
	GlobalSection(SolutionConfigurationPlatforms) = preSolution
		Debug|Any CPU = Debug|Any CPU
		Release|Any CPU = Release|Any CPU
	EndGlobalSection
	GlobalSection(ProjectConfigurationPlatforms) = postSolution
		{5314AA81-57D7-415E-A77B-AA6ECB834C67}.Debug|Any CPU.ActiveCfg = Debug|Any CPU
		{5314AA81-57D7-415E-A77B-AA6ECB834C67}.Release|Any CPU.ActiveCfg = Release|Any CPU
	EndGlobalSection
	GlobalSection(SolutionProperties) = preSolution
		HideSolutionNode = FALSE
	EndGlobalSection
	GlobalSection(ExtensibilityGlobals) = postSolution
		SolutionGuid = {36F26A16-4F5E-4B20-A693-9EF1C3ECD2C3}
	EndGlobalSection
EndGlobal
